{
  "name": "gf.tree2",
  "version": "1.0.0",
  "lockfileVersion": 1,
  "requires": true,
  "dependencies": {
    "jquery": {
      "version": "3.2.1",
      "resolved": "https://registry.npmjs.org/jquery/-/jquery-3.2.1.tgz",
      "integrity": "sha1-XE2d5lKvbNCncBVKYxu6ErAVx4c="
    },
    "jquery-contextmenu": {
      "version": "2.6.3",
      "resolved": "https://registry.npmjs.org/jquery-contextmenu/-/jquery-contextmenu-2.6.3.tgz",
      "integrity": "sha1-Aqk3rSorv14xHx23weswR9wYNIE="
    },
    "jquery.nicescroll": {
      "version": "3.7.6",
      "resolved": "https://registry.npmjs.org/jquery.nicescroll/-/jquery.nicescroll-3.7.6.tgz",
      "integrity": "sha1-r+/z6AZY2r5PeNLS6EJQBg/qCFI=",
      "requires": {
        "jquery": "3.2.1"
      }
    }
  }
}
